{
  "requires": true,
  "lockfileVersion": 1,
  "dependencies": {
    "rn-tooltip": {
      "version": "3.0.1",
      "resolved": "https://registry.npmjs.org/rn-tooltip/-/rn-tooltip-3.0.1.tgz",
      "integrity": "sha512-Re+ViSC/tvyoV+L9SS9liVcoPKET8ANXtmlxMpS0BFjdG1mvpa7IG+IthUJDnX0PBqoP/KptLh1EOxonT3r9Ug=="
    }
  }
}
